{
  "name": "@ladon/api",
  "version": "1.0.0",
  "lockfileVersion": 3,
  "requires": true,
  "packages": {
    "": {
      "name": "@ladon/api",
      "version": "1.0.0",
      "license": "ISC",
      "peerDependencies": {
        "@angular/common": "^19.2.8",
        "@angular/core": "^19.2.8",
        "rxjs": "^7.8.2",
        "tslib": "^2.8.1"
      }
    },
    "node_modules/@angular/common": {
      "version": "19.2.22",
      "resolved": "https://registry.npmjs.org/@angular/common/-/common-19.2.22.tgz",
      "integrity": "sha512-OGvJkK9xvlXF0LsM8T2NTgL6ehr+P4t493xztdIwiO7CzseDzHCBNZ8L1TwaVqqP3Xj0UhGTtWXp7YN4N9+u7Q==",
      "license": "MIT",
      "peer": true,
      "dependencies": {
        "tslib": "^2.3.0"
      },
      "engines": {
        "node": "^18.19.1 || ^20.11.1 || >=22.0.0"
      },
      "peerDependencies": {
        "@angular/core": "19.2.22",
        "rxjs": "^6.5.3 || ^7.4.0"
      }
    },
    "node_modules/@angular/core": {
      "version": "19.2.22",
      "resolved": "https://registry.npmjs.org/@angular/core/-/core-19.2.22.tgz",
      "integrity": "sha512-ImujBPIrV9eetYl2GaEBRw9CetklFtXB11oVaxOjflE2z6juTjugzXhszo/khMLj6UFfS+Anvp7Vv/Ot6DJL7A==",
      "license": "MIT",
      "peer": true,
      "dependencies": {
        "tslib": "^2.3.0"
      },
      "engines": {
        "node": "^18.19.1 || ^20.11.1 || >=22.0.0"
      },
      "peerDependencies": {
        "rxjs": "^6.5.3 || ^7.4.0",
        "zone.js": "~0.15.0"
      }
    },
    "node_modules/rxjs": {
      "version": "7.8.2",
      "resolved": "https://registry.npmjs.org/rxjs/-/rxjs-7.8.2.tgz",
      "integrity": "sha512-dhKf903U/PQZY6boNNtAGdWbG85WAbjT/1xYoZIC7FAY0yWapOBQVsVrDl58W86//e1VpMNBtRV4MaXfdMySFA==",
      "license": "Apache-2.0",
      "peer": true,
      "dependencies": {
        "tslib": "^2.1.0"
      }
    },
    "node_modules/tslib": {
      "version": "2.8.1",
      "resolved": "https://registry.npmjs.org/tslib/-/tslib-2.8.1.tgz",
      "integrity": "sha512-oJFu94HQb+KVduSUQL7wnpmqnfmLsOA/nAh6b6EH0wCEoK0/mPeXU6c3wKDV83MkOuHPRHtSXKKU99IBazS/2w==",
      "license": "0BSD",
      "peer": true
    },
    "node_modules/zone.js": {
      "version": "0.15.1",
      "resolved": "https://registry.npmjs.org/zone.js/-/zone.js-0.15.1.tgz",
      "integrity": "sha512-XE96n56IQpJM7NAoXswY3XRLcWFW83xe0BiAOeMD7K5k5xecOeul3Qcpx6GqEeeHNkW5DWL5zOyTbEfB4eti8w==",
      "license": "MIT",
      "peer": true
    }
  }
}
